
Microsoft Visual Studio Solution File, Format Version 12.00
# Visual Studio 14
VisualStudioVersion = 14.0.22310.1
MinimumVisualStudioVersion = 10.0.40219.1
Project("{FAE04EC0-301F-11D3-BF4B-00C04F79EFBC}") = "LocationBasedAlert.iOS", "LocationBasedAlert\LocationBasedAlert.iOS.csproj", "{3402E65B-5E72-468C-B146-7E8FC019C406}"
EndProject
Project("{FAE04EC0-301F-11D3-BF4B-00C04F79EFBC}") = "LocationBasedAlert.Android", "..\..\XamarinVirtualMachine\LocationAlert_1216\LocationAlert\LocationBasedAlert.Android.csproj", "{0644AB30-6A76-4F4E-B562-2A8F967F9B4C}"
EndProject
Global
	GlobalSection(SolutionConfigurationPlatforms) = preSolution
		Ad-Hoc|iPhone = Ad-Hoc|iPhone
		Ad-Hoc|iPhoneSimulator = Ad-Hoc|iPhoneSimulator
		AppStore|iPhone = AppStore|iPhone
		AppStore|iPhoneSimulator = AppStore|iPhoneSimulator
		Debug|iPhone = Debug|iPhone
		Debug|iPhoneSimulator = Debug|iPhoneSimulator
		Release|iPhone = Release|iPhone
		Release|iPhoneSimulator = Release|iPhoneSimulator
	EndGlobalSection
	GlobalSection(ProjectConfigurationPlatforms) = postSolution
		{3402E65B-5E72-468C-B146-7E8FC019C406}.Ad-Hoc|iPhone.ActiveCfg = Ad-Hoc|iPhone
		{3402E65B-5E72-468C-B146-7E8FC019C406}.Ad-Hoc|iPhone.Build.0 = Ad-Hoc|iPhone
		{3402E65B-5E72-468C-B146-7E8FC019C406}.Ad-Hoc|iPhoneSimulator.ActiveCfg = Ad-Hoc|iPhone
		{3402E65B-5E72-468C-B146-7E8FC019C406}.AppStore|iPhone.ActiveCfg = AppStore|iPhone
		{3402E65B-5E72-468C-B146-7E8FC019C406}.AppStore|iPhone.Build.0 = AppStore|iPhone
		{3402E65B-5E72-468C-B146-7E8FC019C406}.AppStore|iPhoneSimulator.ActiveCfg = AppStore|iPhone
		{3402E65B-5E72-468C-B146-7E8FC019C406}.Debug|iPhone.ActiveCfg = Debug|iPhone
		{3402E65B-5E72-468C-B146-7E8FC019C406}.Debug|iPhone.Build.0 = Debug|iPhone
		{3402E65B-5E72-468C-B146-7E8FC019C406}.Debug|iPhoneSimulator.ActiveCfg = Debug|iPhoneSimulator
		{3402E65B-5E72-468C-B146-7E8FC019C406}.Debug|iPhoneSimulator.Build.0 = Debug|iPhoneSimulator
		{3402E65B-5E72-468C-B146-7E8FC019C406}.Release|iPhone.ActiveCfg = Release|iPhone
		{3402E65B-5E72-468C-B146-7E8FC019C406}.Release|iPhone.Build.0 = Release|iPhone
		{3402E65B-5E72-468C-B146-7E8FC019C406}.Release|iPhoneSimulator.ActiveCfg = Release|iPhoneSimulator
		{3402E65B-5E72-468C-B146-7E8FC019C406}.Release|iPhoneSimulator.Build.0 = Release|iPhoneSimulator
		{0644AB30-6A76-4F4E-B562-2A8F967F9B4C}.Ad-Hoc|iPhone.ActiveCfg = Release|Any CPU
		{0644AB30-6A76-4F4E-B562-2A8F967F9B4C}.Ad-Hoc|iPhone.Build.0 = Release|Any CPU
		{0644AB30-6A76-4F4E-B562-2A8F967F9B4C}.Ad-Hoc|iPhoneSimulator.ActiveCfg = Debug|Any CPU
		{0644AB30-6A76-4F4E-B562-2A8F967F9B4C}.AppStore|iPhone.ActiveCfg = Release|Any CPU
		{0644AB30-6A76-4F4E-B562-2A8F967F9B4C}.AppStore|iPhone.Build.0 = Release|Any CPU
		{0644AB30-6A76-4F4E-B562-2A8F967F9B4C}.AppStore|iPhoneSimulator.ActiveCfg = Debug|Any CPU
		{0644AB30-6A76-4F4E-B562-2A8F967F9B4C}.Debug|iPhone.ActiveCfg = Debug|Any CPU
		{0644AB30-6A76-4F4E-B562-2A8F967F9B4C}.Debug|iPhone.Build.0 = Debug|Any CPU
		{0644AB30-6A76-4F4E-B562-2A8F967F9B4C}.Debug|iPhoneSimulator.ActiveCfg = Debug|Any CPU
		{0644AB30-6A76-4F4E-B562-2A8F967F9B4C}.Debug|iPhoneSimulator.Build.0 = Debug|Any CPU
		{0644AB30-6A76-4F4E-B562-2A8F967F9B4C}.Release|iPhone.ActiveCfg = Release|Any CPU
		{0644AB30-6A76-4F4E-B562-2A8F967F9B4C}.Release|iPhone.Build.0 = Release|Any CPU
		{0644AB30-6A76-4F4E-B562-2A8F967F9B4C}.Release|iPhoneSimulator.ActiveCfg = Release|Any CPU
		{0644AB30-6A76-4F4E-B562-2A8F967F9B4C}.Release|iPhoneSimulator.Build.0 = Release|Any CPU
	EndGlobalSection
	GlobalSection(SolutionProperties) = preSolution
		HideSolutionNode = FALSE
	EndGlobalSection
	GlobalSection(MonoDevelopProperties) = preSolution
		StartupItem = ..\..\XamarinVirtualMachine\LocationAlert_1216\LocationAlert\LocationBasedAlert.Android.csproj
	EndGlobalSection
EndGlobal
